
Microsoft Visual Studio Solution File, Format Version 12.00
# Visual Studio 15
VisualStudioVersion = 15.0.27130.2020
MinimumVisualStudioVersion = 10.0.40219.1
Project("{9A19103F-16F7-4668-BE54-9A1E7A4F7556}") = "CustomRegionPOC.API", "CustomRegionPOC.API\CustomRegionPOC.API.csproj", "{D16B1EA3-760A-47CC-9CC5-7EA64DC01805}"
EndProject
Project("{FAE04EC0-301F-11D3-BF4B-00C04F79EFBC}") = "CustomRegionPOC.Service", "CustomRegionPOC.Service\CustomRegionPOC.Service.csproj", "{C8FCDFE9-E13B-408D-B6CD-4BEC85A2248B}"
EndProject
Project("{FAE04EC0-301F-11D3-BF4B-00C04F79EFBC}") = "CustomRegionPOC.Repository", "CustomRegionPOC.Repository\CustomRegionPOC.Repository.csproj", "{0DD8E3AF-4635-4F7A-A9B6-269758408771}"
EndProject
Project("{FAE04EC0-301F-11D3-BF4B-00C04F79EFBC}") = "CustomRegionPOC.Common", "CustomRegionPOC.Common\CustomRegionPOC.Common.csproj", "{19042ACA-92BC-4BE8-AD59-6C3EEDA0346C}"
EndProject
Global
	GlobalSection(SolutionConfigurationPlatforms) = preSolution
		Debug|Any CPU = Debug|Any CPU
		Release|Any CPU = Release|Any CPU
	EndGlobalSection
	GlobalSection(ProjectConfigurationPlatforms) = postSolution
		{D16B1EA3-760A-47CC-9CC5-7EA64DC01805}.Debug|Any CPU.ActiveCfg = Debug|Any CPU
		{D16B1EA3-760A-47CC-9CC5-7EA64DC01805}.Debug|Any CPU.Build.0 = Debug|Any CPU
		{D16B1EA3-760A-47CC-9CC5-7EA64DC01805}.Release|Any CPU.ActiveCfg = Release|Any CPU
		{D16B1EA3-760A-47CC-9CC5-7EA64DC01805}.Release|Any CPU.Build.0 = Release|Any CPU
		{C8FCDFE9-E13B-408D-B6CD-4BEC85A2248B}.Debug|Any CPU.ActiveCfg = Debug|Any CPU
		{C8FCDFE9-E13B-408D-B6CD-4BEC85A2248B}.Debug|Any CPU.Build.0 = Debug|Any CPU
		{C8FCDFE9-E13B-408D-B6CD-4BEC85A2248B}.Release|Any CPU.ActiveCfg = Release|Any CPU
		{C8FCDFE9-E13B-408D-B6CD-4BEC85A2248B}.Release|Any CPU.Build.0 = Release|Any CPU
		{0DD8E3AF-4635-4F7A-A9B6-269758408771}.Debug|Any CPU.ActiveCfg = Debug|Any CPU
		{0DD8E3AF-4635-4F7A-A9B6-269758408771}.Debug|Any CPU.Build.0 = Debug|Any CPU
		{0DD8E3AF-4635-4F7A-A9B6-269758408771}.Release|Any CPU.ActiveCfg = Release|Any CPU
		{0DD8E3AF-4635-4F7A-A9B6-269758408771}.Release|Any CPU.Build.0 = Release|Any CPU
		{19042ACA-92BC-4BE8-AD59-6C3EEDA0346C}.Debug|Any CPU.ActiveCfg = Debug|Any CPU
		{19042ACA-92BC-4BE8-AD59-6C3EEDA0346C}.Debug|Any CPU.Build.0 = Debug|Any CPU
		{19042ACA-92BC-4BE8-AD59-6C3EEDA0346C}.Release|Any CPU.ActiveCfg = Release|Any CPU
		{19042ACA-92BC-4BE8-AD59-6C3EEDA0346C}.Release|Any CPU.Build.0 = Release|Any CPU
	EndGlobalSection
	GlobalSection(SolutionProperties) = preSolution
		HideSolutionNode = FALSE
	EndGlobalSection
	GlobalSection(ExtensibilityGlobals) = postSolution
		SolutionGuid = {D9F83933-F854-47CC-A603-E6FC4A9EB30A}
	EndGlobalSection
EndGlobal
